{
  "requires": true,
  "lockfileVersion": 1,
  "dependencies": {
    "add": {
      "version": "2.0.6",
      "resolved": "https://registry.npm.taobao.org/add/download/add-2.0.6.tgz",
      "integrity": "sha1-JI8Kn25aUo7yKV2+7DBTITCuIjU="
    },
    "yarn": {
      "version": "1.21.1",
      "resolved": "https://registry.npm.taobao.org/yarn/download/yarn-1.21.1.tgz",
      "integrity": "sha1-HV2gGpoDSS3EpZV778H9EtqD2Jw="
    }
  }
}
